
Microsoft Visual Studio Solution File, Format Version 12.00
# Visual Studio Version 17
VisualStudioVersion = 17.0.32014.148
MinimumVisualStudioVersion = 10.0.40219.1
Project("{FAE04EC0-301F-11D3-BF4B-00C04F79EFBC}") = "ECS Benchmark", "ECS Benchmark\ECS Benchmark.csproj", "{A4F2200A-1549-4390-ABB2-832E92BFEE77}"
EndProject
Project("{FAE04EC0-301F-11D3-BF4B-00C04F79EFBC}") = "LeoEcs", "LeoEcs\LeoEcs.csproj", "{40945853-D061-4357-8F70-A8F69C9E0FE1}"
EndProject
Project("{FAE04EC0-301F-11D3-BF4B-00C04F79EFBC}") = "LeoEcsLite", "LeoEcsLite\LeoEcsLite.csproj", "{DC6CADFC-6993-4057-AEBC-DC184C56EA93}"
EndProject
Global
	GlobalSection(SolutionConfigurationPlatforms) = preSolution
		Debug|x64 = Debug|x64
		Release|x64 = Release|x64
	EndGlobalSection
	GlobalSection(ProjectConfigurationPlatforms) = postSolution
		{A4F2200A-1549-4390-ABB2-832E92BFEE77}.Debug|x64.ActiveCfg = Debug|x64
		{A4F2200A-1549-4390-ABB2-832E92BFEE77}.Debug|x64.Build.0 = Debug|x64
		{A4F2200A-1549-4390-ABB2-832E92BFEE77}.Release|x64.ActiveCfg = Release|x64
		{A4F2200A-1549-4390-ABB2-832E92BFEE77}.Release|x64.Build.0 = Release|x64
		{40945853-D061-4357-8F70-A8F69C9E0FE1}.Debug|x64.ActiveCfg = Debug|x64
		{40945853-D061-4357-8F70-A8F69C9E0FE1}.Debug|x64.Build.0 = Debug|x64
		{40945853-D061-4357-8F70-A8F69C9E0FE1}.Release|x64.ActiveCfg = Release|x64
		{40945853-D061-4357-8F70-A8F69C9E0FE1}.Release|x64.Build.0 = Release|x64
		{DC6CADFC-6993-4057-AEBC-DC184C56EA93}.Debug|x64.ActiveCfg = Debug|x64
		{DC6CADFC-6993-4057-AEBC-DC184C56EA93}.Debug|x64.Build.0 = Debug|x64
		{DC6CADFC-6993-4057-AEBC-DC184C56EA93}.Release|x64.ActiveCfg = Release|x64
		{DC6CADFC-6993-4057-AEBC-DC184C56EA93}.Release|x64.Build.0 = Release|x64
	EndGlobalSection
	GlobalSection(SolutionProperties) = preSolution
		HideSolutionNode = FALSE
	EndGlobalSection
	GlobalSection(ExtensibilityGlobals) = postSolution
		SolutionGuid = {F84DF472-5970-4F3E-BA82-BED0F9723F3B}
	EndGlobalSection
EndGlobal
