
Microsoft Visual Studio Solution File, Format Version 12.00
# Visual Studio Version 17
VisualStudioVersion = 17.0.32014.148
MinimumVisualStudioVersion = 10.0.40219.1
Project("{FAE04EC0-301F-11D3-BF4B-00C04F79EFBC}") = "ECS Benchmark", "ECS Benchmark\ECS Benchmark.csproj", "{A4F2200A-1549-4390-ABB2-832E92BFEE77}"
EndProject
Project("{FAE04EC0-301F-11D3-BF4B-00C04F79EFBC}") = "LeoEcs", "LeoEcs\LeoEcs.csproj", "{40945853-D061-4357-8F70-A8F69C9E0FE1}"
EndProject
Global
	GlobalSection(SolutionConfigurationPlatforms) = preSolution
		Debug|Any CPU = Debug|Any CPU
		Release|Any CPU = Release|Any CPU
	EndGlobalSection
	GlobalSection(ProjectConfigurationPlatforms) = postSolution
		{A4F2200A-1549-4390-ABB2-832E92BFEE77}.Debug|Any CPU.ActiveCfg = Debug|Any CPU
		{A4F2200A-1549-4390-ABB2-832E92BFEE77}.Debug|Any CPU.Build.0 = Debug|Any CPU
		{A4F2200A-1549-4390-ABB2-832E92BFEE77}.Release|Any CPU.ActiveCfg = Release|Any CPU
		{A4F2200A-1549-4390-ABB2-832E92BFEE77}.Release|Any CPU.Build.0 = Release|Any CPU
		{40945853-D061-4357-8F70-A8F69C9E0FE1}.Debug|Any CPU.ActiveCfg = Debug|Any CPU
		{40945853-D061-4357-8F70-A8F69C9E0FE1}.Debug|Any CPU.Build.0 = Debug|Any CPU
		{40945853-D061-4357-8F70-A8F69C9E0FE1}.Release|Any CPU.ActiveCfg = Release|Any CPU
		{40945853-D061-4357-8F70-A8F69C9E0FE1}.Release|Any CPU.Build.0 = Release|Any CPU
	EndGlobalSection
	GlobalSection(SolutionProperties) = preSolution
		HideSolutionNode = FALSE
	EndGlobalSection
	GlobalSection(ExtensibilityGlobals) = postSolution
		SolutionGuid = {F84DF472-5970-4F3E-BA82-BED0F9723F3B}
	EndGlobalSection
EndGlobal
